
Microsoft Visual Studio Solution File, Format Version 12.00
# Visual Studio Version 17
VisualStudioVersion = 17.11.35222.181
MinimumVisualStudioVersion = 10.0.40219.1
Project("{FAE04EC0-301F-11D3-BF4B-00C04F79EFBC}") = "AlgorithmsTraining", "AlgorithmsTraining.csproj", "{BF831ADB-A98D-4053-88C5-AF2E4B52CC3A}"
EndProject
Global
	GlobalSection(SolutionConfigurationPlatforms) = preSolution
		Debug|Any CPU = Debug|Any CPU
		Release|Any CPU = Release|Any CPU
	EndGlobalSection
	GlobalSection(ProjectConfigurationPlatforms) = postSolution
		{BF831ADB-A98D-4053-88C5-AF2E4B52CC3A}.Debug|Any CPU.ActiveCfg = Debug|Any CPU
		{BF831ADB-A98D-4053-88C5-AF2E4B52CC3A}.Debug|Any CPU.Build.0 = Debug|Any CPU
		{BF831ADB-A98D-4053-88C5-AF2E4B52CC3A}.Release|Any CPU.ActiveCfg = Release|Any CPU
		{BF831ADB-A98D-4053-88C5-AF2E4B52CC3A}.Release|Any CPU.Build.0 = Release|Any CPU
	EndGlobalSection
	GlobalSection(SolutionProperties) = preSolution
		HideSolutionNode = FALSE
	EndGlobalSection
	GlobalSection(ExtensibilityGlobals) = postSolution
		SolutionGuid = {AE5D7222-452D-4117-9880-4D7560AA68B2}
	EndGlobalSection
EndGlobal
